
Microsoft Visual Studio Solution File, Format Version 12.00
# Visual Studio 15
VisualStudioVersion = 15.0.28307.539
MinimumVisualStudioVersion = 10.0.40219.1
Project("{9A19103F-16F7-4668-BE54-9A1E7A4F7556}") = "NBKProject", "NBKProject.csproj", "{CFA125FC-FB6F-49AE-85F0-EE9C53C7A25C}"
EndProject
Global
	GlobalSection(SolutionConfigurationPlatforms) = preSolution
		Debug|Any CPU = Debug|Any CPU
		Release|Any CPU = Release|Any CPU
	EndGlobalSection
	GlobalSection(ProjectConfigurationPlatforms) = postSolution
		{CFA125FC-FB6F-49AE-85F0-EE9C53C7A25C}.Debug|Any CPU.ActiveCfg = Debug|Any CPU
		{CFA125FC-FB6F-49AE-85F0-EE9C53C7A25C}.Debug|Any CPU.Build.0 = Debug|Any CPU
		{CFA125FC-FB6F-49AE-85F0-EE9C53C7A25C}.Release|Any CPU.ActiveCfg = Release|Any CPU
		{CFA125FC-FB6F-49AE-85F0-EE9C53C7A25C}.Release|Any CPU.Build.0 = Release|Any CPU
	EndGlobalSection
	GlobalSection(SolutionProperties) = preSolution
		HideSolutionNode = FALSE
	EndGlobalSection
	GlobalSection(ExtensibilityGlobals) = postSolution
		SolutionGuid = {F9550666-C6F2-4753-B7C7-44D3207FF30F}
	EndGlobalSection
EndGlobal
